
Microsoft Visual Studio Solution File, Format Version 12.00
# Visual Studio Version 17
VisualStudioVersion = 17.2.32630.192
MinimumVisualStudioVersion = 10.0.40219.1
Project("{FAE04EC0-301F-11D3-BF4B-00C04F79EFBC}") = "FullStack.API", "FullStack.API\FullStack.API.csproj", "{0BD28478-464B-48E2-B3A7-3383F878E3F8}"
EndProject
Global
	GlobalSection(SolutionConfigurationPlatforms) = preSolution
		Debug|Any CPU = Debug|Any CPU
		Release|Any CPU = Release|Any CPU
	EndGlobalSection
	GlobalSection(ProjectConfigurationPlatforms) = postSolution
		{0BD28478-464B-48E2-B3A7-3383F878E3F8}.Debug|Any CPU.ActiveCfg = Debug|Any CPU
		{0BD28478-464B-48E2-B3A7-3383F878E3F8}.Debug|Any CPU.Build.0 = Debug|Any CPU
		{0BD28478-464B-48E2-B3A7-3383F878E3F8}.Release|Any CPU.ActiveCfg = Release|Any CPU
		{0BD28478-464B-48E2-B3A7-3383F878E3F8}.Release|Any CPU.Build.0 = Release|Any CPU
	EndGlobalSection
	GlobalSection(SolutionProperties) = preSolution
		HideSolutionNode = FALSE
	EndGlobalSection
	GlobalSection(ExtensibilityGlobals) = postSolution
		SolutionGuid = {00A2BB2D-4A2E-4AAC-BD3E-E134463D5D8C}
	EndGlobalSection
EndGlobal
